// !$*UTF8*$!
{
	archiveVersion = 1;
	classes = {
	};
	objectVersion = 50;
	objects = {

/* Begin PBXBuildFile section */
		62E183BC21E7A10F00C147A1 /* AppDelegate.swift in Sources */ = {isa = PBXBuildFile; fileRef = 62E183BB21E7A10F00C147A1 /* AppDelegate.swift */; };
		62E183BE21E7A10F00C147A1 /* ViewController.swift in Sources */ = {isa = PBXBuildFile; fileRef = 62E183BD21E7A10F00C147A1 /* ViewController.swift */; };
		62E183C121E7A10F00C147A1 /* Main.storyboard in Resources */ = {isa = PBXBuildFile; fileRef = 62E183BF21E7A10F00C147A1 /* Main.storyboard */; };
		62E183C321E7A11000C147A1 /* Assets.xcassets in Resources */ = {isa = PBXBuildFile; fileRef = 62E183C221E7A11000C147A1 /* Assets.xcassets */; };
		62E183C621E7A11000C147A1 /* LaunchScreen.storyboard in Resources */ = {isa = PBXBuildFile; fileRef = 62E183C421E7A11000C147A1 /* LaunchScreen.storyboard */; };
		62E183D121E7A11000C147A1 /* buddy_build_deployTests.swift in Sources */ = {isa = PBXBuildFile; fileRef = 62E183D021E7A11000C147A1 /* buddy_build_deployTests.swift */; };
		62E183DC21E7A11000C147A1 /* buddy_build_deployUITests.swift in Sources */ = {isa = PBXBuildFile; fileRef = 62E183DB21E7A11000C147A1 /* buddy_build_deployUITests.swift */; };
/* End PBXBuildFile section */

/* Begin PBXContainerItemProxy section */
		62E183CD21E7A11000C147A1 /* PBXContainerItemProxy */ = {
			isa = PBXContainerItemProxy;
			containerPortal = 62E183B021E7A10F00C147A1 /* Project object */;
			proxyType = 1;
			remoteGlobalIDString = 62E183B721E7A10F00C147A1;
			remoteInfo = "buddy-build-deploy";
		};
		62E183D821E7A11000C147A1 /* PBXContainerItemProxy */ = {
			isa = PBXContainerItemProxy;
			containerPortal = 62E183B021E7A10F00C147A1 /* Project object */;
			proxyType = 1;
			remoteGlobalIDString = 62E183B721E7A10F00C147A1;
			remoteInfo = "buddy-build-deploy";
		};
/* End PBXContainerItemProxy section */

/* Begin PBXFileReference section */
		62E183B821E7A10F00C147A1 /* buddy-build-deploy.app */ = {isa = PBXFileReference; explicitFileType = wrapper.application; includeInIndex = 0; path = "buddy-build-deploy.app"; sourceTree = BUILT_PRODUCTS_DIR; };
		62E183BB21E7A10F00C147A1 /* AppDelegate.swift */ = {isa = PBXFileReference; lastKnownFileType = sourcecode.swift; path = AppDelegate.swift; sourceTree = "<group>"; };
		62E183BD21E7A10F00C147A1 /* ViewController.swift */ = {isa = PBXFileReference; lastKnownFileType = sourcecode.swift; path = ViewController.swift; sourceTree = "<group>"; };
		62E183C021E7A10F00C147A1 /* Base */ = {isa = PBXFileReference; lastKnownFileType = file.storyboard; name = Base; path = Base.lproj/Main.storyboard; sourceTree = "<group>"; };
		62E183C221E7A11000C147A1 /* Assets.xcassets */ = {isa = PBXFileReference; lastKnownFileType = folder.assetcatalog; path = Assets.xcassets; sourceTree = "<group>"; };
		62E183C521E7A11000C147A1 /* Base */ = {isa = PBXFileReference; lastKnownFileType = file.storyboard; name = Base; path = Base.lproj/LaunchScreen.storyboard; sourceTree = "<group>"; };
		62E183C721E7A11000C147A1 /* Info.plist */ = {isa = PBXFileReference; lastKnownFileType = text.plist.xml; path = Info.plist; sourceTree = "<group>"; };
		62E183CC21E7A11000C147A1 /* buddy-build-deployTests.xctest */ = {isa = PBXFileReference; explicitFileType = wrapper.cfbundle; includeInIndex = 0; path = "buddy-build-deployTests.xctest"; sourceTree = BUILT_PRODUCTS_DIR; };
		62E183D021E7A11000C147A1 /* buddy_build_deployTests.swift */ = {isa = PBXFileReference; lastKnownFileType = sourcecode.swift; path = buddy_build_deployTests.swift; sourceTree = "<group>"; };
		62E183D221E7A11000C147A1 /* Info.plist */ = {isa = PBXFileReference; lastKnownFileType = text.plist.xml; path = Info.plist; sourceTree = "<group>"; };
		62E183D721E7A11000C147A1 /* buddy-build-deployUITests.xctest */ = {isa = PBXFileReference; explicitFileType = wrapper.cfbundle; includeInIndex = 0; path = "buddy-build-deployUITests.xctest"; sourceTree = BUILT_PRODUCTS_DIR; };
		62E183DB21E7A11000C147A1 /* buddy_build_deployUITests.swift */ = {isa = PBXFileReference; lastKnownFileType = sourcecode.swift; path = buddy_build_deployUITests.swift; sourceTree = "<group>"; };
		62E183DD21E7A11000C147A1 /* Info.plist */ = {isa = PBXFileReference; lastKnownFileType = text.plist.xml; path = Info.plist; sourceTree = "<group>"; };
/* End PBXFileReference section */

/* Begin PBXFrameworksBuildPhase section */
		62E183B521E7A10F00C147A1 /* Frameworks */ = {
			isa = PBXFrameworksBuildPhase;
			buildActionMask = 2147483647;
			files = (
			);
			runOnlyForDeploymentPostprocessing = 0;
		};
		62E183C921E7A11000C147A1 /* Frameworks */ = {
			isa = PBXFrameworksBuildPhase;
			buildActionMask = 2147483647;
			files = (
			);
			runOnlyForDeploymentPostprocessing = 0;
		};
		62E183D421E7A11000C147A1 /* Frameworks */ = {
			isa = PBXFrameworksBuildPhase;
			buildActionMask = 2147483647;
			files = (
			);
			runOnlyForDeploymentPostprocessing = 0;
		};
/* End PBXFrameworksBuildPhase section */

/* Begin PBXGroup section */
		62E183AF21E7A10F00C147A1 = {
			isa = PBXGroup;
			children = (
				62E183BA21E7A10F00C147A1 /* buddy-build-deploy */,
				62E183CF21E7A11000C147A1 /* buddy-build-deployTests */,
				62E183DA21E7A11000C147A1 /* buddy-build-deployUITests */,
				62E183B921E7A10F00C147A1 /* Products */,
			);
			sourceTree = "<group>";
		};
		62E183B921E7A10F00C147A1 /* Products */ = {
			isa = PBXGroup;
			children = (
				62E183B821E7A10F00C147A1 /* buddy-build-deploy.app */,
				62E183CC21E7A11000C147A1 /* buddy-build-deployTests.xctest */,
				62E183D721E7A11000C147A1 /* buddy-build-deployUITests.xctest */,
			);
			name = Products;
			sourceTree = "<group>";
		};
		62E183BA21E7A10F00C147A1 /* buddy-build-deploy */ = {
			isa = PBXGroup;
			children = (
				62E183BB21E7A10F00C147A1 /* AppDelegate.swift */,
				62E183BD21E7A10F00C147A1 /* ViewController.swift */,
				62E183BF21E7A10F00C147A1 /* Main.storyboard */,
				62E183C221E7A11000C147A1 /* Assets.xcassets */,
				62E183C421E7A11000C147A1 /* LaunchScreen.storyboard */,
				62E183C721E7A11000C147A1 /* Info.plist */,
			);
			path = "buddy-build-deploy";
			sourceTree = "<group>";
		};
		62E183CF21E7A11000C147A1 /* buddy-build-deployTests */ = {
			isa = PBXGroup;
			children = (
				62E183D021E7A11000C147A1 /* buddy_build_deployTests.swift */,
				62E183D221E7A11000C147A1 /* Info.plist */,
			);
			path = "buddy-build-deployTests";
			sourceTree = "<group>";
		};
		62E183DA21E7A11000C147A1 /* buddy-build-deployUITests */ = {
			isa = PBXGroup;
			children = (
				62E183DB21E7A11000C147A1 /* buddy_build_deployUITests.swift */,
				62E183DD21E7A11000C147A1 /* Info.plist */,
			);
			path = "buddy-build-deployUITests";
			sourceTree = "<group>";
		};
/* End PBXGroup section */

/* Begin PBXNativeTarget section */
		62E183B721E7A10F00C147A1 /* buddy-build-deploy */ = {
			isa = PBXNativeTarget;
			buildConfigurationList = 62E183E021E7A11000C147A1 /* Build configuration list for PBXNativeTarget "buddy-build-deploy" */;
			buildPhases = (
				62E183B421E7A10F00C147A1 /* Sources */,
				62E183B521E7A10F00C147A1 /* Frameworks */,
				62E183B621E7A10F00C147A1 /* Resources */,
			);
			buildRules = (
			);
			dependencies = (
			);
			name = "buddy-build-deploy";
			productName = "buddy-build-deploy";
			productReference = 62E183B821E7A10F00C147A1 /* buddy-build-deploy.app */;
			productType = "com.apple.product-type.application";
		};
		62E183CB21E7A11000C147A1 /* buddy-build-deployTests */ = {
			isa = PBXNativeTarget;
			buildConfigurationList = 62E183E321E7A11000C147A1 /* Build configuration list for PBXNativeTarget "buddy-build-deployTests" */;
			buildPhases = (
				62E183C821E7A11000C147A1 /* Sources */,
				62E183C921E7A11000C147A1 /* Frameworks */,
				62E183CA21E7A11000C147A1 /* Resources */,
			);
			buildRules = (
			);
			dependencies = (
				62E183CE21E7A11000C147A1 /* PBXTargetDependency */,
			);
			name = "buddy-build-deployTests";
			productName = "buddy-build-deployTests";
			productReference = 62E183CC21E7A11000C147A1 /* buddy-build-deployTests.xctest */;
			productType = "com.apple.product-type.bundle.unit-test";
		};
		62E183D621E7A11000C147A1 /* buddy-build-deployUITests */ = {
			isa = PBXNativeTarget;
			buildConfigurationList = 62E183E621E7A11000C147A1 /* Build configuration list for PBXNativeTarget "buddy-build-deployUITests" */;
			buildPhases = (
				62E183D321E7A11000C147A1 /* Sources */,
				62E183D421E7A11000C147A1 /* Frameworks */,
				62E183D521E7A11000C147A1 /* Resources */,
			);
			buildRules = (
			);
			dependencies = (
				62E183D921E7A11000C147A1 /* PBXTargetDependency */,
			);
			name = "buddy-build-deployUITests";
			productName = "buddy-build-deployUITests";
			productReference = 62E183D721E7A11000C147A1 /* buddy-build-deployUITests.xctest */;
			productType = "com.apple.product-type.bundle.ui-testing";
		};
/* End PBXNativeTarget section */

/* Begin PBXProject section */
		62E183B021E7A10F00C147A1 /* Project object */ = {
			isa = PBXProject;
			attributes = {
				LastSwiftUpdateCheck = 1010;
				LastUpgradeCheck = 1010;
				ORGANIZATIONNAME = "Marie-Pascale Chauvel";
				TargetAttributes = {
					62E183B721E7A10F00C147A1 = {
						CreatedOnToolsVersion = 10.1;
					};
					62E183CB21E7A11000C147A1 = {
						CreatedOnToolsVersion = 10.1;
						TestTargetID = 62E183B721E7A10F00C147A1;
					};
					62E183D621E7A11000C147A1 = {
						CreatedOnToolsVersion = 10.1;
						TestTargetID = 62E183B721E7A10F00C147A1;
					};
				};
			};
			buildConfigurationList = 62E183B321E7A10F00C147A1 /* Build configuration list for PBXProject "buddy-build-deploy" */;
			compatibilityVersion = "Xcode 9.3";
			developmentRegion = en;
			hasScannedForEncodings = 0;
			knownRegions = (
				en,
				Base,
			);
			mainGroup = 62E183AF21E7A10F00C147A1;
			productRefGroup = 62E183B921E7A10F00C147A1 /* Products */;
			projectDirPath = "";
			projectRoot = "";
			targets = (
				62E183B721E7A10F00C147A1 /* buddy-build-deploy */,
				62E183CB21E7A11000C147A1 /* buddy-build-deployTests */,
				62E183D621E7A11000C147A1 /* buddy-build-deployUITests */,
			);
		};
/* End PBXProject section */

/* Begin PBXResourcesBuildPhase section */
		62E183B621E7A10F00C147A1 /* Resources */ = {
			isa = PBXResourcesBuildPhase;
			buildActionMask = 2147483647;
			files = (
				62E183C621E7A11000C147A1 /* LaunchScreen.storyboard in Resources */,
				62E183C321E7A11000C147A1 /* Assets.xcassets in Resources */,
				62E183C121E7A10F00C147A1 /* Main.storyboard in Resources */,
			);
			runOnlyForDeploymentPostprocessing = 0;
		};
		62E183CA21E7A11000C147A1 /* Resources */ = {
			isa = PBXResourcesBuildPhase;
			buildActionMask = 2147483647;
			files = (
			);
			runOnlyForDeploymentPostprocessing = 0;
		};
		62E183D521E7A11000C147A1 /* Resources */ = {
			isa = PBXResourcesBuildPhase;
			buildActionMask = 2147483647;
			files = (
			);
			runOnlyForDeploymentPostprocessing = 0;
		};
/* End PBXResourcesBuildPhase section */

/* Begin PBXSourcesBuildPhase section */
		62E183B421E7A10F00C147A1 /* Sources */ = {
			isa = PBXSourcesBuildPhase;
			buildActionMask = 2147483647;
			files = (
				62E183BE21E7A10F00C147A1 /* ViewController.swift in Sources */,
				62E183BC21E7A10F00C147A1 /* AppDelegate.swift in Sources */,
			);
			runOnlyForDeploymentPostprocessing = 0;
		};
		62E183C821E7A11000C147A1 /* Sources */ = {
			isa = PBXSourcesBuildPhase;
			buildActionMask = 2147483647;
			files = (
				62E183D121E7A11000C147A1 /* buddy_build_deployTests.swift in Sources */,
			);
			runOnlyForDeploymentPostprocessing = 0;
		};
		62E183D321E7A11000C147A1 /* Sources */ = {
			isa = PBXSourcesBuildPhase;
			buildActionMask = 2147483647;
			files = (
				62E183DC21E7A11000C147A1 /* buddy_build_deployUITests.swift in Sources */,
			);
			runOnlyForDeploymentPostprocessing = 0;
		};
/* End PBXSourcesBuildPhase section */

/* Begin PBXTargetDependency section */
		62E183CE21E7A11000C147A1 /* PBXTargetDependency */ = {
			isa = PBXTargetDependency;
			target = 62E183B721E7A10F00C147A1 /* buddy-build-deploy */;
			targetProxy = 62E183CD21E7A11000C147A1 /* PBXContainerItemProxy */;
		};
		62E183D921E7A11000C147A1 /* PBXTargetDependency */ = {
			isa = PBXTargetDependency;
			target = 62E183B721E7A10F00C147A1 /* buddy-build-deploy */;
			targetProxy = 62E183D821E7A11000C147A1 /* PBXContainerItemProxy */;
		};
/* End PBXTargetDependency section */

/* Begin PBXVariantGroup section */
		62E183BF21E7A10F00C147A1 /* Main.storyboard */ = {
			isa = PBXVariantGroup;
			children = (
				62E183C021E7A10F00C147A1 /* Base */,
			);
			name = Main.storyboard;
			sourceTree = "<group>";
		};
		62E183C421E7A11000C147A1 /* LaunchScreen.storyboard */ = {
			isa = PBXVariantGroup;
			children = (
				62E183C521E7A11000C147A1 /* Base */,
			);
			name = LaunchScreen.storyboard;
			sourceTree = "<group>";
		};
/* End PBXVariantGroup section */

/* Begin XCBuildConfiguration section */
		62E183DE21E7A11000C147A1 /* Debug */ = {
			isa = XCBuildConfiguration;
			buildSettings = {
				ALWAYS_SEARCH_USER_PATHS = NO;
				CLANG_ANALYZER_NONNULL = YES;
				CLANG_ANALYZER_NUMBER_OBJECT_CONVERSION = YES_AGGRESSIVE;
				CLANG_CXX_LANGUAGE_STANDARD = "gnu++14";
				CLANG_CXX_LIBRARY = "libc++";
				CLANG_ENABLE_MODULES = YES;
				CLANG_ENABLE_OBJC_ARC = YES;
				CLANG_ENABLE_OBJC_WEAK = YES;
				CLANG_WARN_BLOCK_CAPTURE_AUTORELEASING = YES;
				CLANG_WARN_BOOL_CONVERSION = YES;
				CLANG_WARN_COMMA = YES;
				CLANG_WARN_CONSTANT_CONVERSION = YES;
				CLANG_WARN_DEPRECATED_OBJC_IMPLEMENTATIONS = YES;
				CLANG_WARN_DIRECT_OBJC_ISA_USAGE = YES_ERROR;
				CLANG_WARN_DOCUMENTATION_COMMENTS = YES;
				CLANG_WARN_EMPTY_BODY = YES;
				CLANG_WARN_ENUM_CONVERSION = YES;
				CLANG_WARN_INFINITE_RECURSION = YES;
				CLANG_WARN_INT_CONVERSION = YES;
				CLANG_WARN_NON_LITERAL_NULL_CONVERSION = YES;
				CLANG_WARN_OBJC_IMPLICIT_RETAIN_SELF = YES;
				CLANG_WARN_OBJC_LITERAL_CONVERSION = YES;
				CLANG_WARN_OBJC_ROOT_CLASS = YES_ERROR;
				CLANG_WARN_RANGE_LOOP_ANALYSIS = YES;
				CLANG_WARN_STRICT_PROTOTYPES = YES;
				CLANG_WARN_SUSPICIOUS_MOVE = YES;
				CLANG_WARN_UNGUARDED_AVAILABILITY = YES_AGGRESSIVE;
				CLANG_WARN_UNREACHABLE_CODE = YES;
				CLANG_WARN__DUPLICATE_METHOD_MATCH = YES;
				CODE_SIGN_IDENTITY = "iPhone Developer";
				COPY_PHASE_STRIP = NO;
				DEBUG_INFORMATION_FORMAT = dwarf;
				ENABLE_STRICT_OBJC_MSGSEND = YES;
				ENABLE_TESTABILITY = YES;
				GCC_C_LANGUAGE_STANDARD = gnu11;
				GCC_DYNAMIC_NO_PIC = NO;
				GCC_NO_COMMON_BLOCKS = YES;
				GCC_OPTIMIZATION_LEVEL = 0;
				GCC_PREPROCESSOR_DEFINITIONS = (
					"DEBUG=1",
					"$(inherited)",
				);
				GCC_WARN_64_TO_32_BIT_CONVERSION = YES;
				GCC_WARN_ABOUT_RETURN_TYPE = YES_ERROR;
				GCC_WARN_UNDECLARED_SELECTOR = YES;
				GCC_WARN_UNINITIALIZED_AUTOS = YES_AGGRESSIVE;
				GCC_WARN_UNUSED_FUNCTION = YES;
				GCC_WARN_UNUSED_VARIABLE = YES;
				IPHONEOS_DEPLOYMENT_TARGET = 12.1;
				MTL_ENABLE_DEBUG_INFO = INCLUDE_SOURCE;
				MTL_FAST_MATH = YES;
				ONLY_ACTIVE_ARCH = YES;
				SDKROOT = iphoneos;
				SWIFT_ACTIVE_COMPILATION_CONDITIONS = DEBUG;
				SWIFT_OPTIMIZATION_LEVEL = "-Onone";
			};
			name = Debug;
		};
		62E183DF21E7A11000C147A1 /* Release */ = {
			isa = XCBuildConfiguration;
			buildSettings = {
				ALWAYS_SEARCH_USER_PATHS = NO;
				CLANG_ANALYZER_NONNULL = YES;
				CLANG_ANALYZER_NUMBER_OBJECT_CONVERSION = YES_AGGRESSIVE;
				CLANG_CXX_LANGUAGE_STANDARD = "gnu++14";
				CLANG_CXX_LIBRARY = "libc++";
				CLANG_ENABLE_MODULES = YES;
				CLANG_ENABLE_OBJC_ARC = YES;
				CLANG_ENABLE_OBJC_WEAK = YES;
				CLANG_WARN_BLOCK_CAPTURE_AUTORELEASING = YES;
				CLANG_WARN_BOOL_CONVERSION = YES;
				CLANG_WARN_COMMA = YES;
				CLANG_WARN_CONSTANT_CONVERSION = YES;
				CLANG_WARN_DEPRECATED_OBJC_IMPLEMENTATIONS = YES;
				CLANG_WARN_DIRECT_OBJC_ISA_USAGE = YES_ERROR;
				CLANG_WARN_DOCUMENTATION_COMMENTS = YES;
				CLANG_WARN_EMPTY_BODY = YES;
				CLANG_WARN_ENUM_CONVERSION = YES;
				CLANG_WARN_INFINITE_RECURSION = YES;
				CLANG_WARN_INT_CONVERSION = YES;
				CLANG_WARN_NON_LITERAL_NULL_CONVERSION = YES;
				CLANG_WARN_OBJC_IMPLICIT_RETAIN_SELF = YES;
				CLANG_WARN_OBJC_LITERAL_CONVERSION = YES;
				CLANG_WARN_OBJC_ROOT_CLASS = YES_ERROR;
				CLANG_WARN_RANGE_LOOP_ANALYSIS = YES;
				CLANG_WARN_STRICT_PROTOTYPES = YES;
				CLANG_WARN_SUSPICIOUS_MOVE = YES;
				CLANG_WARN_UNGUARDED_AVAILABILITY = YES_AGGRESSIVE;
				CLANG_WARN_UNREACHABLE_CODE = YES;
				CLANG_WARN__DUPLICATE_METHOD_MATCH = YES;
				CODE_SIGN_IDENTITY = "iPhone Developer";
				COPY_PHASE_STRIP = NO;
				DEBUG_INFORMATION_FORMAT = "dwarf-with-dsym";
				ENABLE_NS_ASSERTIONS = NO;
				ENABLE_STRICT_OBJC_MSGSEND = YES;
				GCC_C_LANGUAGE_STANDARD = gnu11;
				GCC_NO_COMMON_BLOCKS = YES;
				GCC_WARN_64_TO_32_BIT_CONVERSION = YES;
				GCC_WARN_ABOUT_RETURN_TYPE = YES_ERROR;
				GCC_WARN_UNDECLARED_SELECTOR = YES;
				GCC_WARN_UNINITIALIZED_AUTOS = YES_AGGRESSIVE;
				GCC_WARN_UNUSED_FUNCTION = YES;
				GCC_WARN_UNUSED_VARIABLE = YES;
				IPHONEOS_DEPLOYMENT_TARGET = 12.1;
				MTL_ENABLE_DEBUG_INFO = NO;
				MTL_FAST_MATH = YES;
				SDKROOT = iphoneos;
				SWIFT_COMPILATION_MODE = wholemodule;
				SWIFT_OPTIMIZATION_LEVEL = "-O";
				VALIDATE_PRODUCT = YES;
			};
			name = Release;
		};
		62E183E121E7A11000C147A1 /* Debug */ = {
			isa = XCBuildConfiguration;
			buildSettings = {
				ASSETCATALOG_COMPILER_APPICON_NAME = AppIcon;
				CODE_SIGN_STYLE = Automatic;
				DEVELOPMENT_TEAM = Z4P996HWZL;
				INFOPLIST_FILE = "buddy-build-deploy/Info.plist";
				LD_RUNPATH_SEARCH_PATHS = (
					"$(inherited)",
					"@executable_path/Frameworks",
				);
				PRODUCT_BUNDLE_IDENTIFIER = "swift.buddy-build-deploy";
				PRODUCT_NAME = "$(TARGET_NAME)";
				SWIFT_VERSION = 4.2;
				TARGETED_DEVICE_FAMILY = "1,2";
			};
			name = Debug;
		};
		62E183E221E7A11000C147A1 /* Release */ = {
			isa = XCBuildConfiguration;
			buildSettings = {
				ASSETCATALOG_COMPILER_APPICON_NAME = AppIcon;
				CODE_SIGN_STYLE = Automatic;
				DEVELOPMENT_TEAM = Z4P996HWZL;
				INFOPLIST_FILE = "buddy-build-deploy/Info.plist";
				LD_RUNPATH_SEARCH_PATHS = (
					"$(inherited)",
					"@executable_path/Frameworks",
				);
				PRODUCT_BUNDLE_IDENTIFIER = "swift.buddy-build-deploy";
				PRODUCT_NAME = "$(TARGET_NAME)";
				SWIFT_VERSION = 4.2;
				TARGETED_DEVICE_FAMILY = "1,2";
			};
			name = Release;
		};
		62E183E421E7A11000C147A1 /* Debug */ = {
			isa = XCBuildConfiguration;
			buildSettings = {
				ALWAYS_EMBED_SWIFT_STANDARD_LIBRARIES = YES;
				BUNDLE_LOADER = "$(TEST_HOST)";
				CODE_SIGN_STYLE = Automatic;
				DEVELOPMENT_TEAM = Z4P996HWZL;
				INFOPLIST_FILE = "buddy-build-deployTests/Info.plist";
				LD_RUNPATH_SEARCH_PATHS = (
					"$(inherited)",
					"@executable_path/Frameworks",
					"@loader_path/Frameworks",
				);
				PRODUCT_BUNDLE_IDENTIFIER = "swift.buddy-build-deployTests";
				PRODUCT_NAME = "$(TARGET_NAME)";
				SWIFT_VERSION = 4.2;
				TARGETED_DEVICE_FAMILY = "1,2";
				TEST_HOST = "$(BUILT_PRODUCTS_DIR)/buddy-build-deploy.app/buddy-build-deploy";
			};
			name = Debug;
		};
		62E183E521E7A11000C147A1 /* Release */ = {
			isa = XCBuildConfiguration;
			buildSettings = {
				ALWAYS_EMBED_SWIFT_STANDARD_LIBRARIES = YES;
				BUNDLE_LOADER = "$(TEST_HOST)";
				CODE_SIGN_STYLE = Automatic;
				DEVELOPMENT_TEAM = Z4P996HWZL;
				INFOPLIST_FILE = "buddy-build-deployTests/Info.plist";
				LD_RUNPATH_SEARCH_PATHS = (
					"$(inherited)",
					"@executable_path/Frameworks",
					"@loader_path/Frameworks",
				);
				PRODUCT_BUNDLE_IDENTIFIER = "swift.buddy-build-deployTests";
				PRODUCT_NAME = "$(TARGET_NAME)";
				SWIFT_VERSION = 4.2;
				TARGETED_DEVICE_FAMILY = "1,2";
				TEST_HOST = "$(BUILT_PRODUCTS_DIR)/buddy-build-deploy.app/buddy-build-deploy";
			};
			name = Release;
		};
		62E183E721E7A11000C147A1 /* Debug */ = {
			isa = XCBuildConfiguration;
			buildSettings = {
				ALWAYS_EMBED_SWIFT_STANDARD_LIBRARIES = YES;
				CODE_SIGN_STYLE = Automatic;
				DEVELOPMENT_TEAM = Z4P996HWZL;
				INFOPLIST_FILE = "buddy-build-deployUITests/Info.plist";
				LD_RUNPATH_SEARCH_PATHS = (
					"$(inherited)",
					"@executable_path/Frameworks",
					"@loader_path/Frameworks",
				);
				PRODUCT_BUNDLE_IDENTIFIER = "swift.buddy-build-deployUITests";
				PRODUCT_NAME = "$(TARGET_NAME)";
				SWIFT_VERSION = 4.2;
				TARGETED_DEVICE_FAMILY = "1,2";
				TEST_TARGET_NAME = "buddy-build-deploy";
			};
			name = Debug;
		};
		62E183E821E7A11000C147A1 /* Release */ = {
			isa = XCBuildConfiguration;
			buildSettings = {
				ALWAYS_EMBED_SWIFT_STANDARD_LIBRARIES = YES;
				CODE_SIGN_STYLE = Automatic;
				DEVELOPMENT_TEAM = Z4P996HWZL;
				INFOPLIST_FILE = "buddy-build-deployUITests/Info.plist";
				LD_RUNPATH_SEARCH_PATHS = (
					"$(inherited)",
					"@executable_path/Frameworks",
					"@loader_path/Frameworks",
				);
				PRODUCT_BUNDLE_IDENTIFIER = "swift.buddy-build-deployUITests";
				PRODUCT_NAME = "$(TARGET_NAME)";
				SWIFT_VERSION = 4.2;
				TARGETED_DEVICE_FAMILY = "1,2";
				TEST_TARGET_NAME = "buddy-build-deploy";
			};
			name = Release;
		};
/* End XCBuildConfiguration section */

/* Begin XCConfigurationList section */
		62E183B321E7A10F00C147A1 /* Build configuration list for PBXProject "buddy-build-deploy" */ = {
			isa = XCConfigurationList;
			buildConfigurations = (
				62E183DE21E7A11000C147A1 /* Debug */,
				62E183DF21E7A11000C147A1 /* Release */,
			);
			defaultConfigurationIsVisible = 0;
			defaultConfigurationName = Release;
		};
		62E183E021E7A11000C147A1 /* Build configuration list for PBXNativeTarget "buddy-build-deploy" */ = {
			isa = XCConfigurationList;
			buildConfigurations = (
				62E183E121E7A11000C147A1 /* Debug */,
				62E183E221E7A11000C147A1 /* Release */,
			);
			defaultConfigurationIsVisible = 0;
			defaultConfigurationName = Release;
		};
		62E183E321E7A11000C147A1 /* Build configuration list for PBXNativeTarget "buddy-build-deployTests" */ = {
			isa = XCConfigurationList;
			buildConfigurations = (
				62E183E421E7A11000C147A1 /* Debug */,
				62E183E521E7A11000C147A1 /* Release */,
			);
			defaultConfigurationIsVisible = 0;
			defaultConfigurationName = Release;
		};
		62E183E621E7A11000C147A1 /* Build configuration list for PBXNativeTarget "buddy-build-deployUITests" */ = {
			isa = XCConfigurationList;
			buildConfigurations = (
				62E183E721E7A11000C147A1 /* Debug */,
				62E183E821E7A11000C147A1 /* Release */,
			);
			defaultConfigurationIsVisible = 0;
			defaultConfigurationName = Release;
		};
/* End XCConfigurationList section */
	};
	rootObject = 62E183B021E7A10F00C147A1 /* Project object */;
}
